
Microsoft Visual Studio Solution File, Format Version 12.00
# Visual Studio 15
VisualStudioVersion = 15.0.28307.705
MinimumVisualStudioVersion = 10.0.40219.1
Project("{FAE04EC0-301F-11D3-BF4B-00C04F79EFBC}") = "Understanting_Datatypes_Variables", "Understanting_Datatypes_Variables\Understanting_Datatypes_Variables.csproj", "{CCE1315A-8A83-4A5A-A63F-9BE2DBC89EAF}"
EndProject
Global
	GlobalSection(SolutionConfigurationPlatforms) = preSolution
		Debug|Any CPU = Debug|Any CPU
		Release|Any CPU = Release|Any CPU
	EndGlobalSection
	GlobalSection(ProjectConfigurationPlatforms) = postSolution
		{CCE1315A-8A83-4A5A-A63F-9BE2DBC89EAF}.Debug|Any CPU.ActiveCfg = Debug|Any CPU
		{CCE1315A-8A83-4A5A-A63F-9BE2DBC89EAF}.Debug|Any CPU.Build.0 = Debug|Any CPU
		{CCE1315A-8A83-4A5A-A63F-9BE2DBC89EAF}.Release|Any CPU.ActiveCfg = Release|Any CPU
		{CCE1315A-8A83-4A5A-A63F-9BE2DBC89EAF}.Release|Any CPU.Build.0 = Release|Any CPU
	EndGlobalSection
	GlobalSection(SolutionProperties) = preSolution
		HideSolutionNode = FALSE
	EndGlobalSection
	GlobalSection(ExtensibilityGlobals) = postSolution
		SolutionGuid = {BB27DD9E-43B8-49D1-B5EE-DFCA3A17C5B2}
	EndGlobalSection
EndGlobal
